// !$*UTF8*$!
{
	archiveVersion = 1;
	classes = {
	};
	objectVersion = 50;
	objects = {

/* Begin PBXBuildFile section */
		D5D1730E2387B36C002881EE /* AppDelegate.swift in Sources */ = {isa = PBXBuildFile; fileRef = D5D1730D2387B36C002881EE /* AppDelegate.swift */; };
		D5D173102387B36C002881EE /* SceneDelegate.swift in Sources */ = {isa = PBXBuildFile; fileRef = D5D1730F2387B36C002881EE /* SceneDelegate.swift */; };
		D5D173122387B36C002881EE /* ViewController.swift in Sources */ = {isa = PBXBuildFile; fileRef = D5D173112387B36C002881EE /* ViewController.swift */; };
		D5D173152387B36C002881EE /* Main.storyboard in Resources */ = {isa = PBXBuildFile; fileRef = D5D173132387B36C002881EE /* Main.storyboard */; };
		D5D173172387B36E002881EE /* Assets.xcassets in Resources */ = {isa = PBXBuildFile; fileRef = D5D173162387B36E002881EE /* Assets.xcassets */; };
		D5D1731A2387B36E002881EE /* LaunchScreen.storyboard in Resources */ = {isa = PBXBuildFile; fileRef = D5D173182387B36E002881EE /* LaunchScreen.storyboard */; };
		D5D173252387B36F002881EE /* GueturePartTests.swift in Sources */ = {isa = PBXBuildFile; fileRef = D5D173242387B36F002881EE /* GueturePartTests.swift */; };
		D5D173302387B36F002881EE /* GueturePartUITests.swift in Sources */ = {isa = PBXBuildFile; fileRef = D5D1732F2387B36F002881EE /* GueturePartUITests.swift */; };
		D5D173402387C420002881EE /* PanGestureImageVIew.swift in Sources */ = {isa = PBXBuildFile; fileRef = D5D1733F2387C420002881EE /* PanGestureImageVIew.swift */; };
/* End PBXBuildFile section */

/* Begin PBXContainerItemProxy section */
		D5D173212387B36F002881EE /* PBXContainerItemProxy */ = {
			isa = PBXContainerItemProxy;
			containerPortal = D5D173022387B36C002881EE /* Project object */;
			proxyType = 1;
			remoteGlobalIDString = D5D173092387B36C002881EE;
			remoteInfo = GueturePart;
		};
		D5D1732C2387B36F002881EE /* PBXContainerItemProxy */ = {
			isa = PBXContainerItemProxy;
			containerPortal = D5D173022387B36C002881EE /* Project object */;
			proxyType = 1;
			remoteGlobalIDString = D5D173092387B36C002881EE;
			remoteInfo = GueturePart;
		};
/* End PBXContainerItemProxy section */

/* Begin PBXFileReference section */
		D5D1730A2387B36C002881EE /* GueturePart.app */ = {isa = PBXFileReference; explicitFileType = wrapper.application; includeInIndex = 0; path = GueturePart.app; sourceTree = BUILT_PRODUCTS_DIR; };
		D5D1730D2387B36C002881EE /* AppDelegate.swift */ = {isa = PBXFileReference; lastKnownFileType = sourcecode.swift; path = AppDelegate.swift; sourceTree = "<group>"; };
		D5D1730F2387B36C002881EE /* SceneDelegate.swift */ = {isa = PBXFileReference; lastKnownFileType = sourcecode.swift; path = SceneDelegate.swift; sourceTree = "<group>"; };
		D5D173112387B36C002881EE /* ViewController.swift */ = {isa = PBXFileReference; lastKnownFileType = sourcecode.swift; path = ViewController.swift; sourceTree = "<group>"; };
		D5D173142387B36C002881EE /* Base */ = {isa = PBXFileReference; lastKnownFileType = file.storyboard; name = Base; path = Base.lproj/Main.storyboard; sourceTree = "<group>"; };
		D5D173162387B36E002881EE /* Assets.xcassets */ = {isa = PBXFileReference; lastKnownFileType = folder.assetcatalog; path = Assets.xcassets; sourceTree = "<group>"; };
		D5D173192387B36E002881EE /* Base */ = {isa = PBXFileReference; lastKnownFileType = file.storyboard; name = Base; path = Base.lproj/LaunchScreen.storyboard; sourceTree = "<group>"; };
		D5D1731B2387B36E002881EE /* Info.plist */ = {isa = PBXFileReference; lastKnownFileType = text.plist.xml; path = Info.plist; sourceTree = "<group>"; };
		D5D173202387B36F002881EE /* GueturePartTests.xctest */ = {isa = PBXFileReference; explicitFileType = wrapper.cfbundle; includeInIndex = 0; path = GueturePartTests.xctest; sourceTree = BUILT_PRODUCTS_DIR; };
		D5D173242387B36F002881EE /* GueturePartTests.swift */ = {isa = PBXFileReference; lastKnownFileType = sourcecode.swift; path = GueturePartTests.swift; sourceTree = "<group>"; };
		D5D173262387B36F002881EE /* Info.plist */ = {isa = PBXFileReference; lastKnownFileType = text.plist.xml; path = Info.plist; sourceTree = "<group>"; };
		D5D1732B2387B36F002881EE /* GueturePartUITests.xctest */ = {isa = PBXFileReference; explicitFileType = wrapper.cfbundle; includeInIndex = 0; path = GueturePartUITests.xctest; sourceTree = BUILT_PRODUCTS_DIR; };
		D5D1732F2387B36F002881EE /* GueturePartUITests.swift */ = {isa = PBXFileReference; lastKnownFileType = sourcecode.swift; path = GueturePartUITests.swift; sourceTree = "<group>"; };
		D5D173312387B36F002881EE /* Info.plist */ = {isa = PBXFileReference; lastKnownFileType = text.plist.xml; path = Info.plist; sourceTree = "<group>"; };
		D5D1733F2387C420002881EE /* PanGestureImageVIew.swift */ = {isa = PBXFileReference; lastKnownFileType = sourcecode.swift; path = PanGestureImageVIew.swift; sourceTree = "<group>"; };
/* End PBXFileReference section */

/* Begin PBXFrameworksBuildPhase section */
		D5D173072387B36C002881EE /* Frameworks */ = {
			isa = PBXFrameworksBuildPhase;
			buildActionMask = 2147483647;
			files = (
			);
			runOnlyForDeploymentPostprocessing = 0;
		};
		D5D1731D2387B36F002881EE /* Frameworks */ = {
			isa = PBXFrameworksBuildPhase;
			buildActionMask = 2147483647;
			files = (
			);
			runOnlyForDeploymentPostprocessing = 0;
		};
		D5D173282387B36F002881EE /* Frameworks */ = {
			isa = PBXFrameworksBuildPhase;
			buildActionMask = 2147483647;
			files = (
			);
			runOnlyForDeploymentPostprocessing = 0;
		};
/* End PBXFrameworksBuildPhase section */

/* Begin PBXGroup section */
		D5D173012387B36C002881EE = {
			isa = PBXGroup;
			children = (
				D5D1730C2387B36C002881EE /* GueturePart */,
				D5D173232387B36F002881EE /* GueturePartTests */,
				D5D1732E2387B36F002881EE /* GueturePartUITests */,
				D5D1730B2387B36C002881EE /* Products */,
			);
			sourceTree = "<group>";
		};
		D5D1730B2387B36C002881EE /* Products */ = {
			isa = PBXGroup;
			children = (
				D5D1730A2387B36C002881EE /* GueturePart.app */,
				D5D173202387B36F002881EE /* GueturePartTests.xctest */,
				D5D1732B2387B36F002881EE /* GueturePartUITests.xctest */,
			);
			name = Products;
			sourceTree = "<group>";
		};
		D5D1730C2387B36C002881EE /* GueturePart */ = {
			isa = PBXGroup;
			children = (
				D5D1730D2387B36C002881EE /* AppDelegate.swift */,
				D5D1730F2387B36C002881EE /* SceneDelegate.swift */,
				D5D173112387B36C002881EE /* ViewController.swift */,
				D5D1733F2387C420002881EE /* PanGestureImageVIew.swift */,
				D5D173132387B36C002881EE /* Main.storyboard */,
				D5D173162387B36E002881EE /* Assets.xcassets */,
				D5D173182387B36E002881EE /* LaunchScreen.storyboard */,
				D5D1731B2387B36E002881EE /* Info.plist */,
			);
			path = GueturePart;
			sourceTree = "<group>";
		};
		D5D173232387B36F002881EE /* GueturePartTests */ = {
			isa = PBXGroup;
			children = (
				D5D173242387B36F002881EE /* GueturePartTests.swift */,
				D5D173262387B36F002881EE /* Info.plist */,
			);
			path = GueturePartTests;
			sourceTree = "<group>";
		};
		D5D1732E2387B36F002881EE /* GueturePartUITests */ = {
			isa = PBXGroup;
			children = (
				D5D1732F2387B36F002881EE /* GueturePartUITests.swift */,
				D5D173312387B36F002881EE /* Info.plist */,
			);
			path = GueturePartUITests;
			sourceTree = "<group>";
		};
/* End PBXGroup section */

/* Begin PBXNativeTarget section */
		D5D173092387B36C002881EE /* GueturePart */ = {
			isa = PBXNativeTarget;
			buildConfigurationList = D5D173342387B36F002881EE /* Build configuration list for PBXNativeTarget "GueturePart" */;
			buildPhases = (
				D5D173062387B36C002881EE /* Sources */,
				D5D173072387B36C002881EE /* Frameworks */,
				D5D173082387B36C002881EE /* Resources */,
			);
			buildRules = (
			);
			dependencies = (
			);
			name = GueturePart;
			productName = GueturePart;
			productReference = D5D1730A2387B36C002881EE /* GueturePart.app */;
			productType = "com.apple.product-type.application";
		};
		D5D1731F2387B36F002881EE /* GueturePartTests */ = {
			isa = PBXNativeTarget;
			buildConfigurationList = D5D173372387B36F002881EE /* Build configuration list for PBXNativeTarget "GueturePartTests" */;
			buildPhases = (
				D5D1731C2387B36F002881EE /* Sources */,
				D5D1731D2387B36F002881EE /* Frameworks */,
				D5D1731E2387B36F002881EE /* Resources */,
			);
			buildRules = (
			);
			dependencies = (
				D5D173222387B36F002881EE /* PBXTargetDependency */,
			);
			name = GueturePartTests;
			productName = GueturePartTests;
			productReference = D5D173202387B36F002881EE /* GueturePartTests.xctest */;
			productType = "com.apple.product-type.bundle.unit-test";
		};
		D5D1732A2387B36F002881EE /* GueturePartUITests */ = {
			isa = PBXNativeTarget;
			buildConfigurationList = D5D1733A2387B36F002881EE /* Build configuration list for PBXNativeTarget "GueturePartUITests" */;
			buildPhases = (
				D5D173272387B36F002881EE /* Sources */,
				D5D173282387B36F002881EE /* Frameworks */,
				D5D173292387B36F002881EE /* Resources */,
			);
			buildRules = (
			);
			dependencies = (
				D5D1732D2387B36F002881EE /* PBXTargetDependency */,
			);
			name = GueturePartUITests;
			productName = GueturePartUITests;
			productReference = D5D1732B2387B36F002881EE /* GueturePartUITests.xctest */;
			productType = "com.apple.product-type.bundle.ui-testing";
		};
/* End PBXNativeTarget section */

/* Begin PBXProject section */
		D5D173022387B36C002881EE /* Project object */ = {
			isa = PBXProject;
			attributes = {
				LastSwiftUpdateCheck = 1110;
				LastUpgradeCheck = 1110;
				ORGANIZATIONNAME = king;
				TargetAttributes = {
					D5D173092387B36C002881EE = {
						CreatedOnToolsVersion = 11.1;
					};
					D5D1731F2387B36F002881EE = {
						CreatedOnToolsVersion = 11.1;
						TestTargetID = D5D173092387B36C002881EE;
					};
					D5D1732A2387B36F002881EE = {
						CreatedOnToolsVersion = 11.1;
						TestTargetID = D5D173092387B36C002881EE;
					};
				};
			};
			buildConfigurationList = D5D173052387B36C002881EE /* Build configuration list for PBXProject "GueturePart" */;
			compatibilityVersion = "Xcode 9.3";
			developmentRegion = en;
			hasScannedForEncodings = 0;
			knownRegions = (
				en,
				Base,
			);
			mainGroup = D5D173012387B36C002881EE;
			productRefGroup = D5D1730B2387B36C002881EE /* Products */;
			projectDirPath = "";
			projectRoot = "";
			targets = (
				D5D173092387B36C002881EE /* GueturePart */,
				D5D1731F2387B36F002881EE /* GueturePartTests */,
				D5D1732A2387B36F002881EE /* GueturePartUITests */,
			);
		};
/* End PBXProject section */

/* Begin PBXResourcesBuildPhase section */
		D5D173082387B36C002881EE /* Resources */ = {
			isa = PBXResourcesBuildPhase;
			buildActionMask = 2147483647;
			files = (
				D5D1731A2387B36E002881EE /* LaunchScreen.storyboard in Resources */,
				D5D173172387B36E002881EE /* Assets.xcassets in Resources */,
				D5D173152387B36C002881EE /* Main.storyboard in Resources */,
			);
			runOnlyForDeploymentPostprocessing = 0;
		};
		D5D1731E2387B36F002881EE /* Resources */ = {
			isa = PBXResourcesBuildPhase;
			buildActionMask = 2147483647;
			files = (
			);
			runOnlyForDeploymentPostprocessing = 0;
		};
		D5D173292387B36F002881EE /* Resources */ = {
			isa = PBXResourcesBuildPhase;
			buildActionMask = 2147483647;
			files = (
			);
			runOnlyForDeploymentPostprocessing = 0;
		};
/* End PBXResourcesBuildPhase section */

/* Begin PBXSourcesBuildPhase section */
		D5D173062387B36C002881EE /* Sources */ = {
			isa = PBXSourcesBuildPhase;
			buildActionMask = 2147483647;
			files = (
				D5D173402387C420002881EE /* PanGestureImageVIew.swift in Sources */,
				D5D173122387B36C002881EE /* ViewController.swift in Sources */,
				D5D1730E2387B36C002881EE /* AppDelegate.swift in Sources */,
				D5D173102387B36C002881EE /* SceneDelegate.swift in Sources */,
			);
			runOnlyForDeploymentPostprocessing = 0;
		};
		D5D1731C2387B36F002881EE /* Sources */ = {
			isa = PBXSourcesBuildPhase;
			buildActionMask = 2147483647;
			files = (
				D5D173252387B36F002881EE /* GueturePartTests.swift in Sources */,
			);
			runOnlyForDeploymentPostprocessing = 0;
		};
		D5D173272387B36F002881EE /* Sources */ = {
			isa = PBXSourcesBuildPhase;
			buildActionMask = 2147483647;
			files = (
				D5D173302387B36F002881EE /* GueturePartUITests.swift in Sources */,
			);
			runOnlyForDeploymentPostprocessing = 0;
		};
/* End PBXSourcesBuildPhase section */

/* Begin PBXTargetDependency section */
		D5D173222387B36F002881EE /* PBXTargetDependency */ = {
			isa = PBXTargetDependency;
			target = D5D173092387B36C002881EE /* GueturePart */;
			targetProxy = D5D173212387B36F002881EE /* PBXContainerItemProxy */;
		};
		D5D1732D2387B36F002881EE /* PBXTargetDependency */ = {
			isa = PBXTargetDependency;
			target = D5D173092387B36C002881EE /* GueturePart */;
			targetProxy = D5D1732C2387B36F002881EE /* PBXContainerItemProxy */;
		};
/* End PBXTargetDependency section */

/* Begin PBXVariantGroup section */
		D5D173132387B36C002881EE /* Main.storyboard */ = {
			isa = PBXVariantGroup;
			children = (
				D5D173142387B36C002881EE /* Base */,
			);
			name = Main.storyboard;
			sourceTree = "<group>";
		};
		D5D173182387B36E002881EE /* LaunchScreen.storyboard */ = {
			isa = PBXVariantGroup;
			children = (
				D5D173192387B36E002881EE /* Base */,
			);
			name = LaunchScreen.storyboard;
			sourceTree = "<group>";
		};
/* End PBXVariantGroup section */

/* Begin XCBuildConfiguration section */
		D5D173322387B36F002881EE /* Debug */ = {
			isa = XCBuildConfiguration;
			buildSettings = {
				ALWAYS_SEARCH_USER_PATHS = NO;
				CLANG_ANALYZER_NONNULL = YES;
				CLANG_ANALYZER_NUMBER_OBJECT_CONVERSION = YES_AGGRESSIVE;
				CLANG_CXX_LANGUAGE_STANDARD = "gnu++14";
				CLANG_CXX_LIBRARY = "libc++";
				CLANG_ENABLE_MODULES = YES;
				CLANG_ENABLE_OBJC_ARC = YES;
				CLANG_ENABLE_OBJC_WEAK = YES;
				CLANG_WARN_BLOCK_CAPTURE_AUTORELEASING = YES;
				CLANG_WARN_BOOL_CONVERSION = YES;
				CLANG_WARN_COMMA = YES;
				CLANG_WARN_CONSTANT_CONVERSION = YES;
				CLANG_WARN_DEPRECATED_OBJC_IMPLEMENTATIONS = YES;
				CLANG_WARN_DIRECT_OBJC_ISA_USAGE = YES_ERROR;
				CLANG_WARN_DOCUMENTATION_COMMENTS = YES;
				CLANG_WARN_EMPTY_BODY = YES;
				CLANG_WARN_ENUM_CONVERSION = YES;
				CLANG_WARN_INFINITE_RECURSION = YES;
				CLANG_WARN_INT_CONVERSION = YES;
				CLANG_WARN_NON_LITERAL_NULL_CONVERSION = YES;
				CLANG_WARN_OBJC_IMPLICIT_RETAIN_SELF = YES;
				CLANG_WARN_OBJC_LITERAL_CONVERSION = YES;
				CLANG_WARN_OBJC_ROOT_CLASS = YES_ERROR;
				CLANG_WARN_RANGE_LOOP_ANALYSIS = YES;
				CLANG_WARN_STRICT_PROTOTYPES = YES;
				CLANG_WARN_SUSPICIOUS_MOVE = YES;
				CLANG_WARN_UNGUARDED_AVAILABILITY = YES_AGGRESSIVE;
				CLANG_WARN_UNREACHABLE_CODE = YES;
				CLANG_WARN__DUPLICATE_METHOD_MATCH = YES;
				COPY_PHASE_STRIP = NO;
				DEBUG_INFORMATION_FORMAT = dwarf;
				ENABLE_STRICT_OBJC_MSGSEND = YES;
				ENABLE_TESTABILITY = YES;
				GCC_C_LANGUAGE_STANDARD = gnu11;
				GCC_DYNAMIC_NO_PIC = NO;
				GCC_NO_COMMON_BLOCKS = YES;
				GCC_OPTIMIZATION_LEVEL = 0;
				GCC_PREPROCESSOR_DEFINITIONS = (
					"DEBUG=1",
					"$(inherited)",
				);
				GCC_WARN_64_TO_32_BIT_CONVERSION = YES;
				GCC_WARN_ABOUT_RETURN_TYPE = YES_ERROR;
				GCC_WARN_UNDECLARED_SELECTOR = YES;
				GCC_WARN_UNINITIALIZED_AUTOS = YES_AGGRESSIVE;
				GCC_WARN_UNUSED_FUNCTION = YES;
				GCC_WARN_UNUSED_VARIABLE = YES;
				IPHONEOS_DEPLOYMENT_TARGET = 13.1;
				MTL_ENABLE_DEBUG_INFO = INCLUDE_SOURCE;
				MTL_FAST_MATH = YES;
				ONLY_ACTIVE_ARCH = YES;
				SDKROOT = iphoneos;
				SWIFT_ACTIVE_COMPILATION_CONDITIONS = DEBUG;
				SWIFT_OPTIMIZATION_LEVEL = "-Onone";
			};
			name = Debug;
		};
		D5D173332387B36F002881EE /* Release */ = {
			isa = XCBuildConfiguration;
			buildSettings = {
				ALWAYS_SEARCH_USER_PATHS = NO;
				CLANG_ANALYZER_NONNULL = YES;
				CLANG_ANALYZER_NUMBER_OBJECT_CONVERSION = YES_AGGRESSIVE;
				CLANG_CXX_LANGUAGE_STANDARD = "gnu++14";
				CLANG_CXX_LIBRARY = "libc++";
				CLANG_ENABLE_MODULES = YES;
				CLANG_ENABLE_OBJC_ARC = YES;
				CLANG_ENABLE_OBJC_WEAK = YES;
				CLANG_WARN_BLOCK_CAPTURE_AUTORELEASING = YES;
				CLANG_WARN_BOOL_CONVERSION = YES;
				CLANG_WARN_COMMA = YES;
				CLANG_WARN_CONSTANT_CONVERSION = YES;
				CLANG_WARN_DEPRECATED_OBJC_IMPLEMENTATIONS = YES;
				CLANG_WARN_DIRECT_OBJC_ISA_USAGE = YES_ERROR;
				CLANG_WARN_DOCUMENTATION_COMMENTS = YES;
				CLANG_WARN_EMPTY_BODY = YES;
				CLANG_WARN_ENUM_CONVERSION = YES;
				CLANG_WARN_INFINITE_RECURSION = YES;
				CLANG_WARN_INT_CONVERSION = YES;
				CLANG_WARN_NON_LITERAL_NULL_CONVERSION = YES;
				CLANG_WARN_OBJC_IMPLICIT_RETAIN_SELF = YES;
				CLANG_WARN_OBJC_LITERAL_CONVERSION = YES;
				CLANG_WARN_OBJC_ROOT_CLASS = YES_ERROR;
				CLANG_WARN_RANGE_LOOP_ANALYSIS = YES;
				CLANG_WARN_STRICT_PROTOTYPES = YES;
				CLANG_WARN_SUSPICIOUS_MOVE = YES;
				CLANG_WARN_UNGUARDED_AVAILABILITY = YES_AGGRESSIVE;
				CLANG_WARN_UNREACHABLE_CODE = YES;
				CLANG_WARN__DUPLICATE_METHOD_MATCH = YES;
				COPY_PHASE_STRIP = NO;
				DEBUG_INFORMATION_FORMAT = "dwarf-with-dsym";
				ENABLE_NS_ASSERTIONS = NO;
				ENABLE_STRICT_OBJC_MSGSEND = YES;
				GCC_C_LANGUAGE_STANDARD = gnu11;
				GCC_NO_COMMON_BLOCKS = YES;
				GCC_WARN_64_TO_32_BIT_CONVERSION = YES;
				GCC_WARN_ABOUT_RETURN_TYPE = YES_ERROR;
				GCC_WARN_UNDECLARED_SELECTOR = YES;
				GCC_WARN_UNINITIALIZED_AUTOS = YES_AGGRESSIVE;
				GCC_WARN_UNUSED_FUNCTION = YES;
				GCC_WARN_UNUSED_VARIABLE = YES;
				IPHONEOS_DEPLOYMENT_TARGET = 13.1;
				MTL_ENABLE_DEBUG_INFO = NO;
				MTL_FAST_MATH = YES;
				SDKROOT = iphoneos;
				SWIFT_COMPILATION_MODE = wholemodule;
				SWIFT_OPTIMIZATION_LEVEL = "-O";
				VALIDATE_PRODUCT = YES;
			};
			name = Release;
		};
		D5D173352387B36F002881EE /* Debug */ = {
			isa = XCBuildConfiguration;
			buildSettings = {
				ASSETCATALOG_COMPILER_APPICON_NAME = AppIcon;
				CODE_SIGN_STYLE = Automatic;
				INFOPLIST_FILE = GueturePart/Info.plist;
				LD_RUNPATH_SEARCH_PATHS = (
					"$(inherited)",
					"@executable_path/Frameworks",
				);
				PRODUCT_BUNDLE_IDENTIFIER = king.GueturePart;
				PRODUCT_NAME = "$(TARGET_NAME)";
				SWIFT_VERSION = 5.0;
				TARGETED_DEVICE_FAMILY = "1,2";
			};
			name = Debug;
		};
		D5D173362387B36F002881EE /* Release */ = {
			isa = XCBuildConfiguration;
			buildSettings = {
				ASSETCATALOG_COMPILER_APPICON_NAME = AppIcon;
				CODE_SIGN_STYLE = Automatic;
				INFOPLIST_FILE = GueturePart/Info.plist;
				LD_RUNPATH_SEARCH_PATHS = (
					"$(inherited)",
					"@executable_path/Frameworks",
				);
				PRODUCT_BUNDLE_IDENTIFIER = king.GueturePart;
				PRODUCT_NAME = "$(TARGET_NAME)";
				SWIFT_VERSION = 5.0;
				TARGETED_DEVICE_FAMILY = "1,2";
			};
			name = Release;
		};
		D5D173382387B36F002881EE /* Debug */ = {
			isa = XCBuildConfiguration;
			buildSettings = {
				ALWAYS_EMBED_SWIFT_STANDARD_LIBRARIES = YES;
				BUNDLE_LOADER = "$(TEST_HOST)";
				CODE_SIGN_STYLE = Automatic;
				INFOPLIST_FILE = GueturePartTests/Info.plist;
				IPHONEOS_DEPLOYMENT_TARGET = 13.1;
				LD_RUNPATH_SEARCH_PATHS = (
					"$(inherited)",
					"@executable_path/Frameworks",
					"@loader_path/Frameworks",
				);
				PRODUCT_BUNDLE_IDENTIFIER = king.GueturePartTests;
				PRODUCT_NAME = "$(TARGET_NAME)";
				SWIFT_VERSION = 5.0;
				TARGETED_DEVICE_FAMILY = "1,2";
				TEST_HOST = "$(BUILT_PRODUCTS_DIR)/GueturePart.app/GueturePart";
			};
			name = Debug;
		};
		D5D173392387B36F002881EE /* Release */ = {
			isa = XCBuildConfiguration;
			buildSettings = {
				ALWAYS_EMBED_SWIFT_STANDARD_LIBRARIES = YES;
				BUNDLE_LOADER = "$(TEST_HOST)";
				CODE_SIGN_STYLE = Automatic;
				INFOPLIST_FILE = GueturePartTests/Info.plist;
				IPHONEOS_DEPLOYMENT_TARGET = 13.1;
				LD_RUNPATH_SEARCH_PATHS = (
					"$(inherited)",
					"@executable_path/Frameworks",
					"@loader_path/Frameworks",
				);
				PRODUCT_BUNDLE_IDENTIFIER = king.GueturePartTests;
				PRODUCT_NAME = "$(TARGET_NAME)";
				SWIFT_VERSION = 5.0;
				TARGETED_DEVICE_FAMILY = "1,2";
				TEST_HOST = "$(BUILT_PRODUCTS_DIR)/GueturePart.app/GueturePart";
			};
			name = Release;
		};
		D5D1733B2387B36F002881EE /* Debug */ = {
			isa = XCBuildConfiguration;
			buildSettings = {
				ALWAYS_EMBED_SWIFT_STANDARD_LIBRARIES = YES;
				CODE_SIGN_STYLE = Automatic;
				INFOPLIST_FILE = GueturePartUITests/Info.plist;
				LD_RUNPATH_SEARCH_PATHS = (
					"$(inherited)",
					"@executable_path/Frameworks",
					"@loader_path/Frameworks",
				);
				PRODUCT_BUNDLE_IDENTIFIER = king.GueturePartUITests;
				PRODUCT_NAME = "$(TARGET_NAME)";
				SWIFT_VERSION = 5.0;
				TARGETED_DEVICE_FAMILY = "1,2";
				TEST_TARGET_NAME = GueturePart;
			};
			name = Debug;
		};
		D5D1733C2387B36F002881EE /* Release */ = {
			isa = XCBuildConfiguration;
			buildSettings = {
				ALWAYS_EMBED_SWIFT_STANDARD_LIBRARIES = YES;
				CODE_SIGN_STYLE = Automatic;
				INFOPLIST_FILE = GueturePartUITests/Info.plist;
				LD_RUNPATH_SEARCH_PATHS = (
					"$(inherited)",
					"@executable_path/Frameworks",
					"@loader_path/Frameworks",
				);
				PRODUCT_BUNDLE_IDENTIFIER = king.GueturePartUITests;
				PRODUCT_NAME = "$(TARGET_NAME)";
				SWIFT_VERSION = 5.0;
				TARGETED_DEVICE_FAMILY = "1,2";
				TEST_TARGET_NAME = GueturePart;
			};
			name = Release;
		};
/* End XCBuildConfiguration section */

/* Begin XCConfigurationList section */
		D5D173052387B36C002881EE /* Build configuration list for PBXProject "GueturePart" */ = {
			isa = XCConfigurationList;
			buildConfigurations = (
				D5D173322387B36F002881EE /* Debug */,
				D5D173332387B36F002881EE /* Release */,
			);
			defaultConfigurationIsVisible = 0;
			defaultConfigurationName = Release;
		};
		D5D173342387B36F002881EE /* Build configuration list for PBXNativeTarget "GueturePart" */ = {
			isa = XCConfigurationList;
			buildConfigurations = (
				D5D173352387B36F002881EE /* Debug */,
				D5D173362387B36F002881EE /* Release */,
			);
			defaultConfigurationIsVisible = 0;
			defaultConfigurationName = Release;
		};
		D5D173372387B36F002881EE /* Build configuration list for PBXNativeTarget "GueturePartTests" */ = {
			isa = XCConfigurationList;
			buildConfigurations = (
				D5D173382387B36F002881EE /* Debug */,
				D5D173392387B36F002881EE /* Release */,
			);
			defaultConfigurationIsVisible = 0;
			defaultConfigurationName = Release;
		};
		D5D1733A2387B36F002881EE /* Build configuration list for PBXNativeTarget "GueturePartUITests" */ = {
			isa = XCConfigurationList;
			buildConfigurations = (
				D5D1733B2387B36F002881EE /* Debug */,
				D5D1733C2387B36F002881EE /* Release */,
			);
			defaultConfigurationIsVisible = 0;
			defaultConfigurationName = Release;
		};
/* End XCConfigurationList section */
	};
	rootObject = D5D173022387B36C002881EE /* Project object */;
}
